Microsoft Visual Studio Solution File, Format Version 12.00
# Visual Studio Version 17
VisualStudioVersion = 17.0.31903.59
MinimumVisualStudioVersion = 10.0.40219.1
Project("{FAE04EC0-301F-11D3-BF4B-00C04F79EFBC}") = "InterdimensionalRift.DalamudShim", "InterdimensionalRift.DalamudShim\InterdimensionalRift.DalamudShim.csproj", "{8C5E7BA6-C0C0-6161-E5E5-606E4F5044B5}"
EndProject
Project("{FAE04EC0-301F-11D3-BF4B-00C04F79EFBC}") = "InterdimensionalRift", "InterdimensionalRift\InterdimensionalRift.csproj", "{5F2B4E73-8D8D-4F3E-B2B2-3D4B1C2F1E22}"
EndProject
Project("{FAE04EC0-301F-11D3-BF4B-00C04F79EFBC}") = "SamplePlugin", "samples\SamplePlugin\SamplePlugin.csproj", "{6A3C5F84-9E9E-4F4F-C3C3-4E5C2D3F2F44}"
EndProject
Project("{FAE04EC0-301F-11D3-BF4B-00C04F79EFBC}") = "InterdimensionalRift.Tests", "tests\InterdimensionalRift.Tests\InterdimensionalRift.Tests.csproj", "{7B4D6A95-AF0F-5050-D4D4-5F6D3E4F3A55}"
EndProject
Global
	GlobalSection(SolutionConfigurationPlatforms) = preSolution
		Debug|Any CPU = Debug|Any CPU
		Release|Any CPU = Release|Any CPU
	EndGlobalSection
	GlobalSection(ProjectConfigurationPlatforms) = postSolution
		{8C5E7BA6-C0C0-6161-E5E5-606E4F5044B5}.Debug|Any CPU.ActiveCfg = Debug|Any CPU
		{8C5E7BA6-C0C0-6161-E5E5-606E4F5044B5}.Debug|Any CPU.Build.0 = Debug|Any CPU
		{8C5E7BA6-C0C0-6161-E5E5-606E4F5044B5}.Release|Any CPU.ActiveCfg = Release|Any CPU
		{8C5E7BA6-C0C0-6161-E5E5-606E4F5044B5}.Release|Any CPU.Build.0 = Release|Any CPU
		{5F2B4E73-8D8D-4F3E-B2B2-3D4B1C2F1E22}.Debug|Any CPU.ActiveCfg = Debug|Any CPU
		{5F2B4E73-8D8D-4F3E-B2B2-3D4B1C2F1E22}.Debug|Any CPU.Build.0 = Debug|Any CPU
		{5F2B4E73-8D8D-4F3E-B2B2-3D4B1C2F1E22}.Release|Any CPU.ActiveCfg = Release|Any CPU
		{5F2B4E73-8D8D-4F3E-B2B2-3D4B1C2F1E22}.Release|Any CPU.Build.0 = Release|Any CPU
		{6A3C5F84-9E9E-4F4F-C3C3-4E5C2D3F2F44}.Debug|Any CPU.ActiveCfg = Debug|Any CPU
		{6A3C5F84-9E9E-4F4F-C3C3-4E5C2D3F2F44}.Debug|Any CPU.Build.0 = Debug|Any CPU
		{6A3C5F84-9E9E-4F4F-C3C3-4E5C2D3F2F44}.Release|Any CPU.ActiveCfg = Release|Any CPU
		{6A3C5F84-9E9E-4F4F-C3C3-4E5C2D3F2F44}.Release|Any CPU.Build.0 = Release|Any CPU
		{7B4D6A95-AF0F-5050-D4D4-5F6D3E4F3A55}.Debug|Any CPU.ActiveCfg = Debug|Any CPU
		{7B4D6A95-AF0F-5050-D4D4-5F6D3E4F3A55}.Debug|Any CPU.Build.0 = Debug|Any CPU
		{7B4D6A95-AF0F-5050-D4D4-5F6D3E4F3A55}.Release|Any CPU.ActiveCfg = Release|Any CPU
		{7B4D6A95-AF0F-5050-D4D4-5F6D3E4F3A55}.Release|Any CPU.Build.0 = Release|Any CPU
	EndGlobalSection
EndGlobal

