Microsoft Visual Studio Solution File, Format Version 12.00
# Visual Studio Version 17
VisualStudioVersion = 17.0.31903.59
MinimumVisualStudioVersion = 10.0.40219.1
Project("{FAE04EC0-301F-11D3-BF4B-00C04F79EFBC}") = "InterdimensionalRift", "InterdimensionalRift\InterdimensionalRift.csproj", "{5F2B4E73-8D8D-4F3E-B2B2-3D4B1C2F1E22}"
EndProject
Project("{FAE04EC0-301F-11D3-BF4B-00C04F79EFBC}") = "SamplePlugin", "samples\SamplePlugin\SamplePlugin.csproj", "{6A3C5F84-9E9E-4F4F-C3C3-4E5C2D3F2F44}"
EndProject
Project("{FAE04EC0-301F-11D3-BF4B-00C04F79EFBC}") = "InterdimensionalRift.Tests", "tests\InterdimensionalRift.Tests\InterdimensionalRift.Tests.csproj", "{7B4D6A95-AF0F-5050-D4D4-5F6D3E4F3A55}"
EndProject
Project("{FAE04EC0-301F-11D3-BF4B-00C04F79EFBC}") = "RiftAlpha", "tests\fixtures\RiftAlpha\RiftAlpha.csproj", "{9C6E7BA6-B1B1-7272-F6F6-717F605155C6}"
EndProject
Project("{FAE04EC0-301F-11D3-BF4B-00C04F79EFBC}") = "RiftCanary", "tests\fixtures\RiftCanary\RiftCanary.csproj", "{AD7F8CB7-C2C2-8383-A7A7-8280716266D7}"
EndProject
Project("{FAE04EC0-301F-11D3-BF4B-00C04F79EFBC}") = "RiftMemoryPressure", "tests\fixtures\RiftMemoryPressure\RiftMemoryPressure.csproj", "{71F0C908-33B0-493C-8001-A494B5D6CE79}"
EndProject
Project("{FAE04EC0-301F-11D3-BF4B-00C04F79EFBC}") = "RiftTaskPressure", "tests\fixtures\RiftTaskPressure\RiftTaskPressure.csproj", "{BEFA6DA5-87A7-413E-B70C-75BEE4F9BC71}"
EndProject
Project("{FAE04EC0-301F-11D3-BF4B-00C04F79EFBC}") = "RiftTmpfsPressure", "tests\fixtures\RiftTmpfsPressure\RiftTmpfsPressure.csproj", "{89695409-7994-4F12-B9C1-694EF69539A2}"
EndProject
Project("{FAE04EC0-301F-11D3-BF4B-00C04F79EFBC}") = "RiftHangTree", "tests\fixtures\RiftHangTree\RiftHangTree.csproj", "{3BFF8EA1-1C7C-4173-B3DC-194EE9A4E263}"
EndProject
Project("{FAE04EC0-301F-11D3-BF4B-00C04F79EFBC}") = "PlatformEvidenceTool", "tools\platform\PlatformEvidenceTool\PlatformEvidenceTool.csproj", "{045303DE-1F93-4475-BE2B-721A5B8FABCE}"
EndProject
Project("{FAE04EC0-301F-11D3-BF4B-00C04F79EFBC}") = "RiftCreateSemantics", "tests\fixtures\RiftCreateSemantics\RiftCreateSemantics.csproj", "{610B75FF-4565-4D95-BF6D-E1B0D60D73BA}"
EndProject
Global
	GlobalSection(SolutionConfigurationPlatforms) = preSolution
		Debug|Any CPU = Debug|Any CPU
		Release|Any CPU = Release|Any CPU
	EndGlobalSection
	GlobalSection(ProjectConfigurationPlatforms) = postSolution
		{5F2B4E73-8D8D-4F3E-B2B2-3D4B1C2F1E22}.Debug|Any CPU.ActiveCfg = Debug|Any CPU
		{5F2B4E73-8D8D-4F3E-B2B2-3D4B1C2F1E22}.Debug|Any CPU.Build.0 = Debug|Any CPU
		{5F2B4E73-8D8D-4F3E-B2B2-3D4B1C2F1E22}.Release|Any CPU.ActiveCfg = Release|Any CPU
		{5F2B4E73-8D8D-4F3E-B2B2-3D4B1C2F1E22}.Release|Any CPU.Build.0 = Release|Any CPU
		{6A3C5F84-9E9E-4F4F-C3C3-4E5C2D3F2F44}.Debug|Any CPU.ActiveCfg = Debug|Any CPU
		{6A3C5F84-9E9E-4F4F-C3C3-4E5C2D3F2F44}.Debug|Any CPU.Build.0 = Debug|Any CPU
		{6A3C5F84-9E9E-4F4F-C3C3-4E5C2D3F2F44}.Release|Any CPU.ActiveCfg = Release|Any CPU
		{6A3C5F84-9E9E-4F4F-C3C3-4E5C2D3F2F44}.Release|Any CPU.Build.0 = Release|Any CPU
		{7B4D6A95-AF0F-5050-D4D4-5F6D3E4F3A55}.Debug|Any CPU.ActiveCfg = Debug|Any CPU
		{7B4D6A95-AF0F-5050-D4D4-5F6D3E4F3A55}.Debug|Any CPU.Build.0 = Debug|Any CPU
		{7B4D6A95-AF0F-5050-D4D4-5F6D3E4F3A55}.Release|Any CPU.ActiveCfg = Release|Any CPU
		{7B4D6A95-AF0F-5050-D4D4-5F6D3E4F3A55}.Release|Any CPU.Build.0 = Release|Any CPU
		{9C6E7BA6-B1B1-7272-F6F6-717F605155C6}.Debug|Any CPU.ActiveCfg = Debug|Any CPU
		{9C6E7BA6-B1B1-7272-F6F6-717F605155C6}.Debug|Any CPU.Build.0 = Debug|Any CPU
		{9C6E7BA6-B1B1-7272-F6F6-717F605155C6}.Release|Any CPU.ActiveCfg = Release|Any CPU
		{9C6E7BA6-B1B1-7272-F6F6-717F605155C6}.Release|Any CPU.Build.0 = Release|Any CPU
		{AD7F8CB7-C2C2-8383-A7A7-8280716266D7}.Debug|Any CPU.ActiveCfg = Debug|Any CPU
		{AD7F8CB7-C2C2-8383-A7A7-8280716266D7}.Debug|Any CPU.Build.0 = Debug|Any CPU
		{AD7F8CB7-C2C2-8383-A7A7-8280716266D7}.Release|Any CPU.ActiveCfg = Release|Any CPU
		{AD7F8CB7-C2C2-8383-A7A7-8280716266D7}.Release|Any CPU.Build.0 = Release|Any CPU
		{71F0C908-33B0-493C-8001-A494B5D6CE79}.Debug|Any CPU.ActiveCfg = Debug|Any CPU
		{71F0C908-33B0-493C-8001-A494B5D6CE79}.Debug|Any CPU.Build.0 = Debug|Any CPU
		{71F0C908-33B0-493C-8001-A494B5D6CE79}.Release|Any CPU.ActiveCfg = Release|Any CPU
		{71F0C908-33B0-493C-8001-A494B5D6CE79}.Release|Any CPU.Build.0 = Release|Any CPU
		{BEFA6DA5-87A7-413E-B70C-75BEE4F9BC71}.Debug|Any CPU.ActiveCfg = Debug|Any CPU
		{BEFA6DA5-87A7-413E-B70C-75BEE4F9BC71}.Debug|Any CPU.Build.0 = Debug|Any CPU
		{BEFA6DA5-87A7-413E-B70C-75BEE4F9BC71}.Release|Any CPU.ActiveCfg = Release|Any CPU
		{BEFA6DA5-87A7-413E-B70C-75BEE4F9BC71}.Release|Any CPU.Build.0 = Release|Any CPU
		{89695409-7994-4F12-B9C1-694EF69539A2}.Debug|Any CPU.ActiveCfg = Debug|Any CPU
		{89695409-7994-4F12-B9C1-694EF69539A2}.Debug|Any CPU.Build.0 = Debug|Any CPU
		{89695409-7994-4F12-B9C1-694EF69539A2}.Release|Any CPU.ActiveCfg = Release|Any CPU
		{89695409-7994-4F12-B9C1-694EF69539A2}.Release|Any CPU.Build.0 = Release|Any CPU
		{3BFF8EA1-1C7C-4173-B3DC-194EE9A4E263}.Debug|Any CPU.ActiveCfg = Debug|Any CPU
		{3BFF8EA1-1C7C-4173-B3DC-194EE9A4E263}.Debug|Any CPU.Build.0 = Debug|Any CPU
		{3BFF8EA1-1C7C-4173-B3DC-194EE9A4E263}.Release|Any CPU.ActiveCfg = Release|Any CPU
		{3BFF8EA1-1C7C-4173-B3DC-194EE9A4E263}.Release|Any CPU.Build.0 = Release|Any CPU
		{045303DE-1F93-4475-BE2B-721A5B8FABCE}.Debug|Any CPU.ActiveCfg = Debug|Any CPU
		{045303DE-1F93-4475-BE2B-721A5B8FABCE}.Debug|Any CPU.Build.0 = Debug|Any CPU
		{045303DE-1F93-4475-BE2B-721A5B8FABCE}.Release|Any CPU.ActiveCfg = Release|Any CPU
		{045303DE-1F93-4475-BE2B-721A5B8FABCE}.Release|Any CPU.Build.0 = Release|Any CPU
		{610B75FF-4565-4D95-BF6D-E1B0D60D73BA}.Debug|Any CPU.ActiveCfg = Debug|Any CPU
		{610B75FF-4565-4D95-BF6D-E1B0D60D73BA}.Debug|Any CPU.Build.0 = Debug|Any CPU
		{610B75FF-4565-4D95-BF6D-E1B0D60D73BA}.Release|Any CPU.ActiveCfg = Release|Any CPU
		{610B75FF-4565-4D95-BF6D-E1B0D60D73BA}.Release|Any CPU.Build.0 = Release|Any CPU
	EndGlobalSection
EndGlobal

