Microsoft Visual Studio Solution File, Format Version 12.00
# Visual Studio Version 17
VisualStudioVersion = 17.0.31903.59
MinimumVisualStudioVersion = 10.0.40219.1
Project("{FAE04EC0-301F-11D3-BF4B-00C04F79EFBC}") = "Omega", "Omega\DalagabOmega.csproj", "{89F91718-8B47-4DE0-AF59-92740E3DB1CC}"
EndProject
Project("{FAE04EC0-301F-11D3-BF4B-00C04F79EFBC}") = "Omega.RegressionTests", "Omega.RegressionTests\Omega.RegressionTests.csproj", "{D6F6DA5C-998F-4F3D-9D6E-F4E85C685C91}"
EndProject
Global
	GlobalSection(SolutionConfigurationPlatforms) = preSolution
		Debug|Any CPU = Debug|Any CPU
		Release|Any CPU = Release|Any CPU
	EndGlobalSection
	GlobalSection(ProjectConfigurationPlatforms) = postSolution
		{89F91718-8B47-4DE0-AF59-92740E3DB1CC}.Debug|Any CPU.ActiveCfg = Debug|Any CPU
		{89F91718-8B47-4DE0-AF59-92740E3DB1CC}.Debug|Any CPU.Build.0 = Debug|Any CPU
		{89F91718-8B47-4DE0-AF59-92740E3DB1CC}.Release|Any CPU.ActiveCfg = Release|Any CPU
		{89F91718-8B47-4DE0-AF59-92740E3DB1CC}.Release|Any CPU.Build.0 = Release|Any CPU
		{D6F6DA5C-998F-4F3D-9D6E-F4E85C685C91}.Debug|Any CPU.ActiveCfg = Debug|Any CPU
		{D6F6DA5C-998F-4F3D-9D6E-F4E85C685C91}.Debug|Any CPU.Build.0 = Debug|Any CPU
		{D6F6DA5C-998F-4F3D-9D6E-F4E85C685C91}.Release|Any CPU.ActiveCfg = Release|Any CPU
		{D6F6DA5C-998F-4F3D-9D6E-F4E85C685C91}.Release|Any CPU.Build.0 = Release|Any CPU
	EndGlobalSection
EndGlobal
